
Microsoft Visual Studio Solution File, Format Version 12.00
# Visual Studio Version 16
VisualStudioVersion = 16.0.31105.61
MinimumVisualStudioVersion = 10.0.40219.1
Project("{FAE04EC0-301F-11D3-BF4B-00C04F79EFBC}") = "RuilwinkelVaals", "RuilwinkelVaals\RuilwinkelVaals.csproj", "{BFE3028B-8A56-4657-BF22-40220EC259D9}"
EndProject
Project("{FAE04EC0-301F-11D3-BF4B-00C04F79EFBC}") = "RuilwinkelVaals.Tests", "RuilwinkelVaals.Tests\RuilwinkelVaals.Tests.csproj", "{F2446675-B35B-4FB0-8952-293405853837}"
EndProject
Project("{9A19103F-16F7-4668-BE54-9A1E7A4F7556}") = "TestProject1", "..\TestProject1\TestProject1\TestProject1.csproj", "{7668F65D-66FF-499B-AF10-2C72E1CA9B8D}"
EndProject
Global
	GlobalSection(SolutionConfigurationPlatforms) = preSolution
		Debug|Any CPU = Debug|Any CPU
		Release|Any CPU = Release|Any CPU
	EndGlobalSection
	GlobalSection(ProjectConfigurationPlatforms) = postSolution
		{BFE3028B-8A56-4657-BF22-40220EC259D9}.Debug|Any CPU.ActiveCfg = Debug|Any CPU
		{BFE3028B-8A56-4657-BF22-40220EC259D9}.Debug|Any CPU.Build.0 = Debug|Any CPU
		{BFE3028B-8A56-4657-BF22-40220EC259D9}.Release|Any CPU.ActiveCfg = Release|Any CPU
		{BFE3028B-8A56-4657-BF22-40220EC259D9}.Release|Any CPU.Build.0 = Release|Any CPU
		{F2446675-B35B-4FB0-8952-293405853837}.Debug|Any CPU.ActiveCfg = Debug|Any CPU
		{F2446675-B35B-4FB0-8952-293405853837}.Debug|Any CPU.Build.0 = Debug|Any CPU
		{F2446675-B35B-4FB0-8952-293405853837}.Release|Any CPU.ActiveCfg = Release|Any CPU
		{F2446675-B35B-4FB0-8952-293405853837}.Release|Any CPU.Build.0 = Release|Any CPU
		{7668F65D-66FF-499B-AF10-2C72E1CA9B8D}.Debug|Any CPU.ActiveCfg = Debug|Any CPU
		{7668F65D-66FF-499B-AF10-2C72E1CA9B8D}.Debug|Any CPU.Build.0 = Debug|Any CPU
		{7668F65D-66FF-499B-AF10-2C72E1CA9B8D}.Release|Any CPU.ActiveCfg = Release|Any CPU
		{7668F65D-66FF-499B-AF10-2C72E1CA9B8D}.Release|Any CPU.Build.0 = Release|Any CPU
	EndGlobalSection
	GlobalSection(SolutionProperties) = preSolution
		HideSolutionNode = FALSE
	EndGlobalSection
	GlobalSection(ExtensibilityGlobals) = postSolution
		SolutionGuid = {44799505-3672-4BEB-ABA2-137C64381758}
	EndGlobalSection
EndGlobal
